
Microsoft Visual Studio Solution File, Format Version 12.00
# Visual Studio Version 16
VisualStudioVersion = 25.0.1703.6
MinimumVisualStudioVersion = 10.0.40219.1
Project("{FAE04EC0-301F-11D3-BF4B-00C04F79EFBC}") = "SOLID", "SOLID.csproj", "{67364D49-1414-419D-86F2-9EA1762BD36B}"
EndProject
Global
	GlobalSection(SolutionConfigurationPlatforms) = preSolution
		Debug|Any CPU = Debug|Any CPU
		Release|Any CPU = Release|Any CPU
	EndGlobalSection
	GlobalSection(ProjectConfigurationPlatforms) = postSolution
		{67364D49-1414-419D-86F2-9EA1762BD36B}.Debug|Any CPU.ActiveCfg = Debug|Any CPU
		{67364D49-1414-419D-86F2-9EA1762BD36B}.Debug|Any CPU.Build.0 = Debug|Any CPU
		{67364D49-1414-419D-86F2-9EA1762BD36B}.Release|Any CPU.ActiveCfg = Release|Any CPU
		{67364D49-1414-419D-86F2-9EA1762BD36B}.Release|Any CPU.Build.0 = Release|Any CPU
	EndGlobalSection
	GlobalSection(SolutionProperties) = preSolution
		HideSolutionNode = FALSE
	EndGlobalSection
	GlobalSection(ExtensibilityGlobals) = postSolution
		SolutionGuid = {D4C7A21A-AF3E-4426-B66A-2BE57623B715}
	EndGlobalSection
EndGlobal
